
Microsoft Visual Studio Solution File, Format Version 12.00
# Visual Studio 15
Project("{FAE04EC0-301F-11D3-BF4B-00C04F79EFBC}") = "Unity.Timeline", "Unity.Timeline.csproj", "{E6143EBD-3144-B2C5-84B8-261DE2A8566D}"
EndProject
Project("{FAE04EC0-301F-11D3-BF4B-00C04F79EFBC}") = "Unity.Timeline.Editor", "Unity.Timeline.Editor.csproj", "{606E7AAD-8727-7E22-B79A-7BD655E954BF}"
EndProject
Project("{FAE04EC0-301F-11D3-BF4B-00C04F79EFBC}") = "Unity.PlasticSCM.Editor", "Unity.PlasticSCM.Editor.csproj", "{9231B410-0CA0-195C-5740-C3997FA4163C}"
EndProject
Project("{FAE04EC0-301F-11D3-BF4B-00C04F79EFBC}") = "Unity.ShaderGraph.Editor", "Unity.ShaderGraph.Editor.csproj", "{0CA4839A-143A-D317-9AD3-EBFE5CDBAC1B}"
EndProject
Project("{FAE04EC0-301F-11D3-BF4B-00C04F79EFBC}") = "Unity.RenderPipelines.Universal.Editor", "Unity.RenderPipelines.Universal.Editor.csproj", "{85DB85A3-CF11-1865-4CC7-E60541AA8CCF}"
EndProject
Project("{FAE04EC0-301F-11D3-BF4B-00C04F79EFBC}") = "Unity.TextMeshPro.Editor", "Unity.TextMeshPro.Editor.csproj", "{FDB1DCA1-AA06-2FCE-07C3-88ABCA022CB7}"
EndProject
Project("{FAE04EC0-301F-11D3-BF4B-00C04F79EFBC}") = "Unity.VisualScripting.Flow", "Unity.VisualScripting.Flow.csproj", "{B6FAF44E-957D-63AA-C1FC-E5FABEE654D8}"
EndProject
Project("{FAE04EC0-301F-11D3-BF4B-00C04F79EFBC}") = "Unity.RenderPipelines.Universal.Runtime", "Unity.RenderPipelines.Universal.Runtime.csproj", "{3D8DE788-2634-64DC-78CF-16CE6F2925F7}"
EndProject
Project("{FAE04EC0-301F-11D3-BF4B-00C04F79EFBC}") = "UnityEditor.UI", "UnityEditor.UI.csproj", "{29D8A2EB-6B3A-DF23-B4C8-D31B1274DCC8}"
EndProject
Project("{FAE04EC0-301F-11D3-BF4B-00C04F79EFBC}") = "Unity.RenderPipelines.Core.Runtime", "Unity.RenderPipelines.Core.Runtime.csproj", "{D833E504-5520-9EE1-1418-A9B08AC4B697}"
EndProject
Project("{FAE04EC0-301F-11D3-BF4B-00C04F79EFBC}") = "Unity.VisualScripting.Core", "Unity.VisualScripting.Core.csproj", "{5B92DE94-FA3D-BA3D-6E88-F1B7A67DA6F7}"
EndProject
Project("{FAE04EC0-301F-11D3-BF4B-00C04F79EFBC}") = "Unity.RenderPipelines.Core.Editor", "Unity.RenderPipelines.Core.Editor.csproj", "{7B25ABA9-1371-851E-6DA8-C8EFBA2E4F33}"
EndProject
Project("{FAE04EC0-301F-11D3-BF4B-00C04F79EFBC}") = "Unity.Mathematics", "Unity.Mathematics.csproj", "{44357FBC-49A9-D2B3-C618-19DFBFDEF35C}"
EndProject
Project("{FAE04EC0-301F-11D3-BF4B-00C04F79EFBC}") = "Unity.VisualScripting.Core.Editor", "Unity.VisualScripting.Core.Editor.csproj", "{E5E91193-64DC-8C6D-8FFA-D80A31110D2F}"
EndProject
Project("{FAE04EC0-301F-11D3-BF4B-00C04F79EFBC}") = "Unity.VisualScripting.Flow.Editor", "Unity.VisualScripting.Flow.Editor.csproj", "{A33A493B-1911-30A5-9AED-2DD17955B7BF}"
EndProject
Project("{FAE04EC0-301F-11D3-BF4B-00C04F79EFBC}") = "UnityEditor.TestRunner", "UnityEditor.TestRunner.csproj", "{08E3E21B-17C2-D786-E9CD-BF046672F1F0}"
EndProject
Project("{FAE04EC0-301F-11D3-BF4B-00C04F79EFBC}") = "Unity.VisualScripting.SettingsProvider.Editor", "Unity.VisualScripting.SettingsProvider.Editor.csproj", "{7FC3C840-768D-ED24-C63A-8663D5872D4A}"
EndProject
Project("{FAE04EC0-301F-11D3-BF4B-00C04F79EFBC}") = "UnityEngine.TestRunner", "UnityEngine.TestRunner.csproj", "{A2989D4E-4148-AA10-E9CB-46EF6AF79036}"
EndProject
Project("{FAE04EC0-301F-11D3-BF4B-00C04F79EFBC}") = "Unity.Searcher.Editor", "Unity.Searcher.Editor.csproj", "{0191D2D8-D85C-E38A-9D1D-F345320773A6}"
EndProject
Project("{FAE04EC0-301F-11D3-BF4B-00C04F79EFBC}") = "Unity.Burst", "Unity.Burst.csproj", "{715A7C22-4DB7-E28B-40BC-CF663F5FDC98}"
EndProject
Project("{FAE04EC0-301F-11D3-BF4B-00C04F79EFBC}") = "UnityEngine.UI", "UnityEngine.UI.csproj", "{1541EA70-33D9-C1DB-49B1-DB3D33CBFB76}"
EndProject
Project("{FAE04EC0-301F-11D3-BF4B-00C04F79EFBC}") = "Unity.VisualStudio.Editor", "Unity.VisualStudio.Editor.csproj", "{E2BA70CC-EC0F-0164-BB88-96C5264EAB29}"
EndProject
Project("{FAE04EC0-301F-11D3-BF4B-00C04F79EFBC}") = "PPv2URPConverters", "PPv2URPConverters.csproj", "{BE848E43-8662-7BD9-C8D8-ED2F14FA7DDB}"
EndProject
Project("{FAE04EC0-301F-11D3-BF4B-00C04F79EFBC}") = "Unity.Rider.Editor", "Unity.Rider.Editor.csproj", "{A6EFA2C4-B5C0-850A-8E26-B9834806CF40}"
EndProject
Project("{FAE04EC0-301F-11D3-BF4B-00C04F79EFBC}") = "Unity.VisualScripting.State.Editor", "Unity.VisualScripting.State.Editor.csproj", "{F9428B78-20E2-159A-EEB3-1BB58A6505DA}"
EndProject
Project("{FAE04EC0-301F-11D3-BF4B-00C04F79EFBC}") = "Unity.Burst.CodeGen", "Unity.Burst.CodeGen.csproj", "{D5F52610-5661-D6DE-7F39-091977523356}"
EndProject
Project("{FAE04EC0-301F-11D3-BF4B-00C04F79EFBC}") = "Unity.CollabProxy.Editor", "Unity.CollabProxy.Editor.csproj", "{6D9EC803-AE4F-3896-8587-4DE8382E3B81}"
EndProject
Project("{FAE04EC0-301F-11D3-BF4B-00C04F79EFBC}") = "Unity.RenderPipeline.Universal.ShaderLibrary", "Unity.RenderPipeline.Universal.ShaderLibrary.csproj", "{35DC590F-302C-540C-D9A3-052CCE037315}"
EndProject
Project("{FAE04EC0-301F-11D3-BF4B-00C04F79EFBC}") = "Unity.VisualScripting.State", "Unity.VisualScripting.State.csproj", "{811FE07B-8742-0F75-B9A3-43FF725DB3A6}"
EndProject
Project("{FAE04EC0-301F-11D3-BF4B-00C04F79EFBC}") = "Assembly-CSharp", "Assembly-CSharp.csproj", "{A7F3F650-10CB-A9F4-7FEC-FE3F2FB1DB2D}"
EndProject
Project("{FAE04EC0-301F-11D3-BF4B-00C04F79EFBC}") = "Unity.TextMeshPro", "Unity.TextMeshPro.csproj", "{647A3495-F272-2993-1D8D-DC7E6FA378B7}"
EndProject
Project("{FAE04EC0-301F-11D3-BF4B-00C04F79EFBC}") = "Unity.VSCode.Editor", "Unity.VSCode.Editor.csproj", "{AD806E42-9D3E-C9B7-DA2D-1D93DDE77D8D}"
EndProject
Project("{FAE04EC0-301F-11D3-BF4B-00C04F79EFBC}") = "Unity.Burst.Editor", "Unity.Burst.Editor.csproj", "{DFC5B7A1-829B-81F1-C733-7942F05A7274}"
EndProject
Project("{FAE04EC0-301F-11D3-BF4B-00C04F79EFBC}") = "Unity.RenderPipelines.Universal.2D.Internal", "Unity.RenderPipelines.Universal.2D.Internal.csproj", "{0E2F4185-8720-F82C-07F2-05106041CDBF}"
EndProject
Project("{FAE04EC0-301F-11D3-BF4B-00C04F79EFBC}") = "Unity.ShaderGraph.Utilities", "Unity.ShaderGraph.Utilities.csproj", "{3AC57B82-2FE9-4930-7508-BAB89A2B6F98}"
EndProject
Project("{FAE04EC0-301F-11D3-BF4B-00C04F79EFBC}") = "Unity.Mathematics.Editor", "Unity.Mathematics.Editor.csproj", "{DF5AC6F4-8056-69F8-0C62-A68887E5B4A6}"
EndProject
Project("{FAE04EC0-301F-11D3-BF4B-00C04F79EFBC}") = "Assembly-CSharp-Editor", "Assembly-CSharp-Editor.csproj", "{264CDCC0-4B67-FEA1-65AA-A0C96BDBBA92}"
EndProject
Project("{FAE04EC0-301F-11D3-BF4B-00C04F79EFBC}") = "Unity.VisualScripting.Shared.Editor", "Unity.VisualScripting.Shared.Editor.csproj", "{AB207E3C-6F40-F248-5C05-C74F7A13E928}"
EndProject
Project("{FAE04EC0-301F-11D3-BF4B-00C04F79EFBC}") = "Unity.RenderPipelines.Universal.Config.Runtime", "Unity.RenderPipelines.Universal.Config.Runtime.csproj", "{714FEE7A-77E0-AC50-3F31-39B8A3C26EED}"
EndProject
Project("{FAE04EC0-301F-11D3-BF4B-00C04F79EFBC}") = "Unity.PlasticSCM.Editor.Entities", "Unity.PlasticSCM.Editor.Entities.csproj", "{50678CA5-21E7-5F05-5C4F-1148DEDEDDB0}"
EndProject
Project("{FAE04EC0-301F-11D3-BF4B-00C04F79EFBC}") = "Unity.RenderPipelines.ShaderGraph.ShaderGraphLibrary", "Unity.RenderPipelines.ShaderGraph.ShaderGraphLibrary.csproj", "{028C1956-BAF3-0133-E102-CD72C333670A}"
EndProject
Project("{FAE04EC0-301F-11D3-BF4B-00C04F79EFBC}") = "Unity.RenderPipelines.Core.ShaderLibrary", "Unity.RenderPipelines.Core.ShaderLibrary.csproj", "{0594B2CE-E54D-6623-CB6B-198CCA52C76D}"
EndProject
Project("{FAE04EC0-301F-11D3-BF4B-00C04F79EFBC}") = "Unity.RenderPipelines.Universal.Shaders", "Unity.RenderPipelines.Universal.Shaders.csproj", "{36ADDE92-DF67-7DEB-A0C6-4FEA438624B0}"
EndProject
Global
	GlobalSection(SolutionConfigurationPlatforms) = preSolution
		Debug|Any CPU = Debug|Any CPU
		Release|Any CPU = Release|Any CPU
	EndGlobalSection
	GlobalSection(ProjectConfigurationPlatforms) = postSolution
		{E6143EBD-3144-B2C5-84B8-261DE2A8566D}.Debug|Any CPU.ActiveCfg = Debug|Any CPU
		{E6143EBD-3144-B2C5-84B8-261DE2A8566D}.Debug|Any CPU.Build.0 = Debug|Any CPU
		{E6143EBD-3144-B2C5-84B8-261DE2A8566D}.Release|Any CPU.ActiveCfg = Release|Any CPU
		{E6143EBD-3144-B2C5-84B8-261DE2A8566D}.Release|Any CPU.Build.0 = Release|Any CPU
		{606E7AAD-8727-7E22-B79A-7BD655E954BF}.Debug|Any CPU.ActiveCfg = Debug|Any CPU
		{606E7AAD-8727-7E22-B79A-7BD655E954BF}.Debug|Any CPU.Build.0 = Debug|Any CPU
		{606E7AAD-8727-7E22-B79A-7BD655E954BF}.Release|Any CPU.ActiveCfg = Release|Any CPU
		{606E7AAD-8727-7E22-B79A-7BD655E954BF}.Release|Any CPU.Build.0 = Release|Any CPU
		{9231B410-0CA0-195C-5740-C3997FA4163C}.Debug|Any CPU.ActiveCfg = Debug|Any CPU
		{9231B410-0CA0-195C-5740-C3997FA4163C}.Debug|Any CPU.Build.0 = Debug|Any CPU
		{9231B410-0CA0-195C-5740-C3997FA4163C}.Release|Any CPU.ActiveCfg = Release|Any CPU
		{9231B410-0CA0-195C-5740-C3997FA4163C}.Release|Any CPU.Build.0 = Release|Any CPU
		{0CA4839A-143A-D317-9AD3-EBFE5CDBAC1B}.Debug|Any CPU.ActiveCfg = Debug|Any CPU
		{0CA4839A-143A-D317-9AD3-EBFE5CDBAC1B}.Debug|Any CPU.Build.0 = Debug|Any CPU
		{0CA4839A-143A-D317-9AD3-EBFE5CDBAC1B}.Release|Any CPU.ActiveCfg = Release|Any CPU
		{0CA4839A-143A-D317-9AD3-EBFE5CDBAC1B}.Release|Any CPU.Build.0 = Release|Any CPU
		{85DB85A3-CF11-1865-4CC7-E60541AA8CCF}.Debug|Any CPU.ActiveCfg = Debug|Any CPU
		{85DB85A3-CF11-1865-4CC7-E60541AA8CCF}.Debug|Any CPU.Build.0 = Debug|Any CPU
		{85DB85A3-CF11-1865-4CC7-E60541AA8CCF}.Release|Any CPU.ActiveCfg = Release|Any CPU
		{85DB85A3-CF11-1865-4CC7-E60541AA8CCF}.Release|Any CPU.Build.0 = Release|Any CPU
		{FDB1DCA1-AA06-2FCE-07C3-88ABCA022CB7}.Debug|Any CPU.ActiveCfg = Debug|Any CPU
		{FDB1DCA1-AA06-2FCE-07C3-88ABCA022CB7}.Debug|Any CPU.Build.0 = Debug|Any CPU
		{FDB1DCA1-AA06-2FCE-07C3-88ABCA022CB7}.Release|Any CPU.ActiveCfg = Release|Any CPU
		{FDB1DCA1-AA06-2FCE-07C3-88ABCA022CB7}.Release|Any CPU.Build.0 = Release|Any CPU
		{B6FAF44E-957D-63AA-C1FC-E5FABEE654D8}.Debug|Any CPU.ActiveCfg = Debug|Any CPU
		{B6FAF44E-957D-63AA-C1FC-E5FABEE654D8}.Debug|Any CPU.Build.0 = Debug|Any CPU
		{B6FAF44E-957D-63AA-C1FC-E5FABEE654D8}.Release|Any CPU.ActiveCfg = Release|Any CPU
		{B6FAF44E-957D-63AA-C1FC-E5FABEE654D8}.Release|Any CPU.Build.0 = Release|Any CPU
		{3D8DE788-2634-64DC-78CF-16CE6F2925F7}.Debug|Any CPU.ActiveCfg = Debug|Any CPU
		{3D8DE788-2634-64DC-78CF-16CE6F2925F7}.Debug|Any CPU.Build.0 = Debug|Any CPU
		{3D8DE788-2634-64DC-78CF-16CE6F2925F7}.Release|Any CPU.ActiveCfg = Release|Any CPU
		{3D8DE788-2634-64DC-78CF-16CE6F2925F7}.Release|Any CPU.Build.0 = Release|Any CPU
		{29D8A2EB-6B3A-DF23-B4C8-D31B1274DCC8}.Debug|Any CPU.ActiveCfg = Debug|Any CPU
		{29D8A2EB-6B3A-DF23-B4C8-D31B1274DCC8}.Debug|Any CPU.Build.0 = Debug|Any CPU
		{29D8A2EB-6B3A-DF23-B4C8-D31B1274DCC8}.Release|Any CPU.ActiveCfg = Release|Any CPU
		{29D8A2EB-6B3A-DF23-B4C8-D31B1274DCC8}.Release|Any CPU.Build.0 = Release|Any CPU
		{D833E504-5520-9EE1-1418-A9B08AC4B697}.Debug|Any CPU.ActiveCfg = Debug|Any CPU
		{D833E504-5520-9EE1-1418-A9B08AC4B697}.Debug|Any CPU.Build.0 = Debug|Any CPU
		{D833E504-5520-9EE1-1418-A9B08AC4B697}.Release|Any CPU.ActiveCfg = Release|Any CPU
		{D833E504-5520-9EE1-1418-A9B08AC4B697}.Release|Any CPU.Build.0 = Release|Any CPU
		{5B92DE94-FA3D-BA3D-6E88-F1B7A67DA6F7}.Debug|Any CPU.ActiveCfg = Debug|Any CPU
		{5B92DE94-FA3D-BA3D-6E88-F1B7A67DA6F7}.Debug|Any CPU.Build.0 = Debug|Any CPU
		{5B92DE94-FA3D-BA3D-6E88-F1B7A67DA6F7}.Release|Any CPU.ActiveCfg = Release|Any CPU
		{5B92DE94-FA3D-BA3D-6E88-F1B7A67DA6F7}.Release|Any CPU.Build.0 = Release|Any CPU
		{7B25ABA9-1371-851E-6DA8-C8EFBA2E4F33}.Debug|Any CPU.ActiveCfg = Debug|Any CPU
		{7B25ABA9-1371-851E-6DA8-C8EFBA2E4F33}.Debug|Any CPU.Build.0 = Debug|Any CPU
		{7B25ABA9-1371-851E-6DA8-C8EFBA2E4F33}.Release|Any CPU.ActiveCfg = Release|Any CPU
		{7B25ABA9-1371-851E-6DA8-C8EFBA2E4F33}.Release|Any CPU.Build.0 = Release|Any CPU
		{44357FBC-49A9-D2B3-C618-19DFBFDEF35C}.Debug|Any CPU.ActiveCfg = Debug|Any CPU
		{44357FBC-49A9-D2B3-C618-19DFBFDEF35C}.Debug|Any CPU.Build.0 = Debug|Any CPU
		{44357FBC-49A9-D2B3-C618-19DFBFDEF35C}.Release|Any CPU.ActiveCfg = Release|Any CPU
		{44357FBC-49A9-D2B3-C618-19DFBFDEF35C}.Release|Any CPU.Build.0 = Release|Any CPU
		{E5E91193-64DC-8C6D-8FFA-D80A31110D2F}.Debug|Any CPU.ActiveCfg = Debug|Any CPU
		{E5E91193-64DC-8C6D-8FFA-D80A31110D2F}.Debug|Any CPU.Build.0 = Debug|Any CPU
		{E5E91193-64DC-8C6D-8FFA-D80A31110D2F}.Release|Any CPU.ActiveCfg = Release|Any CPU
		{E5E91193-64DC-8C6D-8FFA-D80A31110D2F}.Release|Any CPU.Build.0 = Release|Any CPU
		{A33A493B-1911-30A5-9AED-2DD17955B7BF}.Debug|Any CPU.ActiveCfg = Debug|Any CPU
		{A33A493B-1911-30A5-9AED-2DD17955B7BF}.Debug|Any CPU.Build.0 = Debug|Any CPU
		{A33A493B-1911-30A5-9AED-2DD17955B7BF}.Release|Any CPU.ActiveCfg = Release|Any CPU
		{A33A493B-1911-30A5-9AED-2DD17955B7BF}.Release|Any CPU.Build.0 = Release|Any CPU
		{08E3E21B-17C2-D786-E9CD-BF046672F1F0}.Debug|Any CPU.ActiveCfg = Debug|Any CPU
		{08E3E21B-17C2-D786-E9CD-BF046672F1F0}.Debug|Any CPU.Build.0 = Debug|Any CPU
		{08E3E21B-17C2-D786-E9CD-BF046672F1F0}.Release|Any CPU.ActiveCfg = Release|Any CPU
		{08E3E21B-17C2-D786-E9CD-BF046672F1F0}.Release|Any CPU.Build.0 = Release|Any CPU
		{7FC3C840-768D-ED24-C63A-8663D5872D4A}.Debug|Any CPU.ActiveCfg = Debug|Any CPU
		{7FC3C840-768D-ED24-C63A-8663D5872D4A}.Debug|Any CPU.Build.0 = Debug|Any CPU
		{7FC3C840-768D-ED24-C63A-8663D5872D4A}.Release|Any CPU.ActiveCfg = Release|Any CPU
		{7FC3C840-768D-ED24-C63A-8663D5872D4A}.Release|Any CPU.Build.0 = Release|Any CPU
		{A2989D4E-4148-AA10-E9CB-46EF6AF79036}.Debug|Any CPU.ActiveCfg = Debug|Any CPU
		{A2989D4E-4148-AA10-E9CB-46EF6AF79036}.Debug|Any CPU.Build.0 = Debug|Any CPU
		{A2989D4E-4148-AA10-E9CB-46EF6AF79036}.Release|Any CPU.ActiveCfg = Release|Any CPU
		{A2989D4E-4148-AA10-E9CB-46EF6AF79036}.Release|Any CPU.Build.0 = Release|Any CPU
		{0191D2D8-D85C-E38A-9D1D-F345320773A6}.Debug|Any CPU.ActiveCfg = Debug|Any CPU
		{0191D2D8-D85C-E38A-9D1D-F345320773A6}.Debug|Any CPU.Build.0 = Debug|Any CPU
		{0191D2D8-D85C-E38A-9D1D-F345320773A6}.Release|Any CPU.ActiveCfg = Release|Any CPU
		{0191D2D8-D85C-E38A-9D1D-F345320773A6}.Release|Any CPU.Build.0 = Release|Any CPU
		{715A7C22-4DB7-E28B-40BC-CF663F5FDC98}.Debug|Any CPU.ActiveCfg = Debug|Any CPU
		{715A7C22-4DB7-E28B-40BC-CF663F5FDC98}.Debug|Any CPU.Build.0 = Debug|Any CPU
		{715A7C22-4DB7-E28B-40BC-CF663F5FDC98}.Release|Any CPU.ActiveCfg = Release|Any CPU
		{715A7C22-4DB7-E28B-40BC-CF663F5FDC98}.Release|Any CPU.Build.0 = Release|Any CPU
		{1541EA70-33D9-C1DB-49B1-DB3D33CBFB76}.Debug|Any CPU.ActiveCfg = Debug|Any CPU
		{1541EA70-33D9-C1DB-49B1-DB3D33CBFB76}.Debug|Any CPU.Build.0 = Debug|Any CPU
		{1541EA70-33D9-C1DB-49B1-DB3D33CBFB76}.Release|Any CPU.ActiveCfg = Release|Any CPU
		{1541EA70-33D9-C1DB-49B1-DB3D33CBFB76}.Release|Any CPU.Build.0 = Release|Any CPU
		{E2BA70CC-EC0F-0164-BB88-96C5264EAB29}.Debug|Any CPU.ActiveCfg = Debug|Any CPU
		{E2BA70CC-EC0F-0164-BB88-96C5264EAB29}.Debug|Any CPU.Build.0 = Debug|Any CPU
		{E2BA70CC-EC0F-0164-BB88-96C5264EAB29}.Release|Any CPU.ActiveCfg = Release|Any CPU
		{E2BA70CC-EC0F-0164-BB88-96C5264EAB29}.Release|Any CPU.Build.0 = Release|Any CPU
		{BE848E43-8662-7BD9-C8D8-ED2F14FA7DDB}.Debug|Any CPU.ActiveCfg = Debug|Any CPU
		{BE848E43-8662-7BD9-C8D8-ED2F14FA7DDB}.Debug|Any CPU.Build.0 = Debug|Any CPU
		{BE848E43-8662-7BD9-C8D8-ED2F14FA7DDB}.Release|Any CPU.ActiveCfg = Release|Any CPU
		{BE848E43-8662-7BD9-C8D8-ED2F14FA7DDB}.Release|Any CPU.Build.0 = Release|Any CPU
		{A6EFA2C4-B5C0-850A-8E26-B9834806CF40}.Debug|Any CPU.ActiveCfg = Debug|Any CPU
		{A6EFA2C4-B5C0-850A-8E26-B9834806CF40}.Debug|Any CPU.Build.0 = Debug|Any CPU
		{A6EFA2C4-B5C0-850A-8E26-B9834806CF40}.Release|Any CPU.ActiveCfg = Release|Any CPU
		{A6EFA2C4-B5C0-850A-8E26-B9834806CF40}.Release|Any CPU.Build.0 = Release|Any CPU
		{F9428B78-20E2-159A-EEB3-1BB58A6505DA}.Debug|Any CPU.ActiveCfg = Debug|Any CPU
		{F9428B78-20E2-159A-EEB3-1BB58A6505DA}.Debug|Any CPU.Build.0 = Debug|Any CPU
		{F9428B78-20E2-159A-EEB3-1BB58A6505DA}.Release|Any CPU.ActiveCfg = Release|Any CPU
		{F9428B78-20E2-159A-EEB3-1BB58A6505DA}.Release|Any CPU.Build.0 = Release|Any CPU
		{D5F52610-5661-D6DE-7F39-091977523356}.Debug|Any CPU.ActiveCfg = Debug|Any CPU
		{D5F52610-5661-D6DE-7F39-091977523356}.Debug|Any CPU.Build.0 = Debug|Any CPU
		{D5F52610-5661-D6DE-7F39-091977523356}.Release|Any CPU.ActiveCfg = Release|Any CPU
		{D5F52610-5661-D6DE-7F39-091977523356}.Release|Any CPU.Build.0 = Release|Any CPU
		{6D9EC803-AE4F-3896-8587-4DE8382E3B81}.Debug|Any CPU.ActiveCfg = Debug|Any CPU
		{6D9EC803-AE4F-3896-8587-4DE8382E3B81}.Debug|Any CPU.Build.0 = Debug|Any CPU
		{6D9EC803-AE4F-3896-8587-4DE8382E3B81}.Release|Any CPU.ActiveCfg = Release|Any CPU
		{6D9EC803-AE4F-3896-8587-4DE8382E3B81}.Release|Any CPU.Build.0 = Release|Any CPU
		{35DC590F-302C-540C-D9A3-052CCE037315}.Debug|Any CPU.ActiveCfg = Debug|Any CPU
		{35DC590F-302C-540C-D9A3-052CCE037315}.Debug|Any CPU.Build.0 = Debug|Any CPU
		{35DC590F-302C-540C-D9A3-052CCE037315}.Release|Any CPU.ActiveCfg = Release|Any CPU
		{35DC590F-302C-540C-D9A3-052CCE037315}.Release|Any CPU.Build.0 = Release|Any CPU
		{811FE07B-8742-0F75-B9A3-43FF725DB3A6}.Debug|Any CPU.ActiveCfg = Debug|Any CPU
		{811FE07B-8742-0F75-B9A3-43FF725DB3A6}.Debug|Any CPU.Build.0 = Debug|Any CPU
		{811FE07B-8742-0F75-B9A3-43FF725DB3A6}.Release|Any CPU.ActiveCfg = Release|Any CPU
		{811FE07B-8742-0F75-B9A3-43FF725DB3A6}.Release|Any CPU.Build.0 = Release|Any CPU
		{A7F3F650-10CB-A9F4-7FEC-FE3F2FB1DB2D}.Debug|Any CPU.ActiveCfg = Debug|Any CPU
		{A7F3F650-10CB-A9F4-7FEC-FE3F2FB1DB2D}.Debug|Any CPU.Build.0 = Debug|Any CPU
		{A7F3F650-10CB-A9F4-7FEC-FE3F2FB1DB2D}.Release|Any CPU.ActiveCfg = Release|Any CPU
		{A7F3F650-10CB-A9F4-7FEC-FE3F2FB1DB2D}.Release|Any CPU.Build.0 = Release|Any CPU
		{647A3495-F272-2993-1D8D-DC7E6FA378B7}.Debug|Any CPU.ActiveCfg = Debug|Any CPU
		{647A3495-F272-2993-1D8D-DC7E6FA378B7}.Debug|Any CPU.Build.0 = Debug|Any CPU
		{647A3495-F272-2993-1D8D-DC7E6FA378B7}.Release|Any CPU.ActiveCfg = Release|Any CPU
		{647A3495-F272-2993-1D8D-DC7E6FA378B7}.Release|Any CPU.Build.0 = Release|Any CPU
		{AD806E42-9D3E-C9B7-DA2D-1D93DDE77D8D}.Debug|Any CPU.ActiveCfg = Debug|Any CPU
		{AD806E42-9D3E-C9B7-DA2D-1D93DDE77D8D}.Debug|Any CPU.Build.0 = Debug|Any CPU
		{AD806E42-9D3E-C9B7-DA2D-1D93DDE77D8D}.Release|Any CPU.ActiveCfg = Release|Any CPU
		{AD806E42-9D3E-C9B7-DA2D-1D93DDE77D8D}.Release|Any CPU.Build.0 = Release|Any CPU
		{DFC5B7A1-829B-81F1-C733-7942F05A7274}.Debug|Any CPU.ActiveCfg = Debug|Any CPU
		{DFC5B7A1-829B-81F1-C733-7942F05A7274}.Debug|Any CPU.Build.0 = Debug|Any CPU
		{DFC5B7A1-829B-81F1-C733-7942F05A7274}.Release|Any CPU.ActiveCfg = Release|Any CPU
		{DFC5B7A1-829B-81F1-C733-7942F05A7274}.Release|Any CPU.Build.0 = Release|Any CPU
		{0E2F4185-8720-F82C-07F2-05106041CDBF}.Debug|Any CPU.ActiveCfg = Debug|Any CPU
		{0E2F4185-8720-F82C-07F2-05106041CDBF}.Debug|Any CPU.Build.0 = Debug|Any CPU
		{0E2F4185-8720-F82C-07F2-05106041CDBF}.Release|Any CPU.ActiveCfg = Release|Any CPU
		{0E2F4185-8720-F82C-07F2-05106041CDBF}.Release|Any CPU.Build.0 = Release|Any CPU
		{3AC57B82-2FE9-4930-7508-BAB89A2B6F98}.Debug|Any CPU.ActiveCfg = Debug|Any CPU
		{3AC57B82-2FE9-4930-7508-BAB89A2B6F98}.Debug|Any CPU.Build.0 = Debug|Any CPU
		{3AC57B82-2FE9-4930-7508-BAB89A2B6F98}.Release|Any CPU.ActiveCfg = Release|Any CPU
		{3AC57B82-2FE9-4930-7508-BAB89A2B6F98}.Release|Any CPU.Build.0 = Release|Any CPU
		{DF5AC6F4-8056-69F8-0C62-A68887E5B4A6}.Debug|Any CPU.ActiveCfg = Debug|Any CPU
		{DF5AC6F4-8056-69F8-0C62-A68887E5B4A6}.Debug|Any CPU.Build.0 = Debug|Any CPU
		{DF5AC6F4-8056-69F8-0C62-A68887E5B4A6}.Release|Any CPU.ActiveCfg = Release|Any CPU
		{DF5AC6F4-8056-69F8-0C62-A68887E5B4A6}.Release|Any CPU.Build.0 = Release|Any CPU
		{264CDCC0-4B67-FEA1-65AA-A0C96BDBBA92}.Debug|Any CPU.ActiveCfg = Debug|Any CPU
		{264CDCC0-4B67-FEA1-65AA-A0C96BDBBA92}.Debug|Any CPU.Build.0 = Debug|Any CPU
		{264CDCC0-4B67-FEA1-65AA-A0C96BDBBA92}.Release|Any CPU.ActiveCfg = Release|Any CPU
		{264CDCC0-4B67-FEA1-65AA-A0C96BDBBA92}.Release|Any CPU.Build.0 = Release|Any CPU
		{AB207E3C-6F40-F248-5C05-C74F7A13E928}.Debug|Any CPU.ActiveCfg = Debug|Any CPU
		{AB207E3C-6F40-F248-5C05-C74F7A13E928}.Debug|Any CPU.Build.0 = Debug|Any CPU
		{AB207E3C-6F40-F248-5C05-C74F7A13E928}.Release|Any CPU.ActiveCfg = Release|Any CPU
		{AB207E3C-6F40-F248-5C05-C74F7A13E928}.Release|Any CPU.Build.0 = Release|Any CPU
		{714FEE7A-77E0-AC50-3F31-39B8A3C26EED}.Debug|Any CPU.ActiveCfg = Debug|Any CPU
		{714FEE7A-77E0-AC50-3F31-39B8A3C26EED}.Debug|Any CPU.Build.0 = Debug|Any CPU
		{714FEE7A-77E0-AC50-3F31-39B8A3C26EED}.Release|Any CPU.ActiveCfg = Release|Any CPU
		{714FEE7A-77E0-AC50-3F31-39B8A3C26EED}.Release|Any CPU.Build.0 = Release|Any CPU
		{50678CA5-21E7-5F05-5C4F-1148DEDEDDB0}.Debug|Any CPU.ActiveCfg = Debug|Any CPU
		{50678CA5-21E7-5F05-5C4F-1148DEDEDDB0}.Debug|Any CPU.Build.0 = Debug|Any CPU
		{50678CA5-21E7-5F05-5C4F-1148DEDEDDB0}.Release|Any CPU.ActiveCfg = Release|Any CPU
		{50678CA5-21E7-5F05-5C4F-1148DEDEDDB0}.Release|Any CPU.Build.0 = Release|Any CPU
		{028C1956-BAF3-0133-E102-CD72C333670A}.Debug|Any CPU.ActiveCfg = Debug|Any CPU
		{028C1956-BAF3-0133-E102-CD72C333670A}.Debug|Any CPU.Build.0 = Debug|Any CPU
		{028C1956-BAF3-0133-E102-CD72C333670A}.Release|Any CPU.ActiveCfg = Release|Any CPU
		{028C1956-BAF3-0133-E102-CD72C333670A}.Release|Any CPU.Build.0 = Release|Any CPU
		{0594B2CE-E54D-6623-CB6B-198CCA52C76D}.Debug|Any CPU.ActiveCfg = Debug|Any CPU
		{0594B2CE-E54D-6623-CB6B-198CCA52C76D}.Debug|Any CPU.Build.0 = Debug|Any CPU
		{0594B2CE-E54D-6623-CB6B-198CCA52C76D}.Release|Any CPU.ActiveCfg = Release|Any CPU
		{0594B2CE-E54D-6623-CB6B-198CCA52C76D}.Release|Any CPU.Build.0 = Release|Any CPU
		{36ADDE92-DF67-7DEB-A0C6-4FEA438624B0}.Debug|Any CPU.ActiveCfg = Debug|Any CPU
		{36ADDE92-DF67-7DEB-A0C6-4FEA438624B0}.Debug|Any CPU.Build.0 = Debug|Any CPU
		{36ADDE92-DF67-7DEB-A0C6-4FEA438624B0}.Release|Any CPU.ActiveCfg = Release|Any CPU
		{36ADDE92-DF67-7DEB-A0C6-4FEA438624B0}.Release|Any CPU.Build.0 = Release|Any CPU
	EndGlobalSection
	GlobalSection(SolutionProperties) = preSolution
		HideSolutionNode = FALSE
	EndGlobalSection
EndGlobal
